{
  "lockfile-version": 1,
  "manifest": {
    "schema-version": "1.11.0",
    "install": {
      "arconia-cli-flake": {
        "flake": "github:thomasvitale/arconia-cli-flake"
      },
      "cosign": {
        "pkg-path": "cosign"
      },
      "go-task": {
        "pkg-path": "go-task"
      },
      "jq": {
        "pkg-path": "jq"
      },
      "oras": {
        "pkg-path": "oras"
      }
    },
    "vars": {
      "FLOX_DISABLE_METRICS": "true"
    },
    "hook": {},
    "profile": {},
    "options": {
      "systems": [
        "aarch64-darwin",
        "aarch64-linux",
        "x86_64-linux"
      ]
    }
  },
  "packages": [
    {
      "attr_path": "cosign",
      "broken": false,
      "derivation": "/nix/store/2sqz4vl85idb6mqbwwk1b8i27nf96d4z-cosign-3.0.5.drv",
      "description": "Container Signing CLI with support for ephemeral keys and Sigstore signing",
      "install_id": "cosign",
      "license": "Apache-2.0",
      "locked_url": "https://github.com/flox/nixpkgs?rev=8110df5ad7abf5d4c0f6fb0f8f978390e77f9685",
      "name": "cosign-3.0.5",
      "pname": "cosign",
      "rev": "8110df5ad7abf5d4c0f6fb0f8f978390e77f9685",
      "rev_count": 971119,
      "rev_date": "2026-03-28T14:48:23Z",
      "scrape_date": "2026-03-30T03:37:20.049453Z",
      "stabilities": [
        "unstable"
      ],
      "unfree": false,
      "version": "3.0.5",
      "outputs_to_install": [
        "out"
      ],
      "outputs": {
        "out": "/nix/store/h6agpnp5h4k2vg2mzdh85gr2jg708vg1-cosign-3.0.5"
      },
      "system": "aarch64-darwin",
      "group": "toplevel",
      "priority": 5
    },
    {
      "attr_path": "cosign",
      "broken": false,
      "derivation": "/nix/store/r739p8090xrsir6wp4fw4i62dckqd7p9-cosign-3.0.5.drv",
      "description": "Container Signing CLI with support for ephemeral keys and Sigstore signing",
      "install_id": "cosign",
      "license": "Apache-2.0",
      "locked_url": "https://github.com/flox/nixpkgs?rev=8110df5ad7abf5d4c0f6fb0f8f978390e77f9685",
      "name": "cosign-3.0.5",
      "pname": "cosign",
      "rev": "8110df5ad7abf5d4c0f6fb0f8f978390e77f9685",
      "rev_count": 971119,
      "rev_date": "2026-03-28T14:48:23Z",
      "scrape_date": "2026-03-30T04:09:54.443959Z",
      "stabilities": [
        "unstable"
      ],
      "unfree": false,
      "version": "3.0.5",
      "outputs_to_install": [
        "out"
      ],
      "outputs": {
        "out": "/nix/store/pz3z65y42dv26gladyyqimdqcfarsa8y-cosign-3.0.5"
      },
      "system": "aarch64-linux",
      "group": "toplevel",
      "priority": 5
    },
    {
      "attr_path": "cosign",
      "broken": false,
      "derivation": "/nix/store/wqhm0558j6ka768l44szjjq2l5jf8yzh-cosign-3.0.5.drv",
      "description": "Container Signing CLI with support for ephemeral keys and Sigstore signing",
      "install_id": "cosign",
      "license": "Apache-2.0",
      "locked_url": "https://github.com/flox/nixpkgs?rev=8110df5ad7abf5d4c0f6fb0f8f978390e77f9685",
      "name": "cosign-3.0.5",
      "pname": "cosign",
      "rev": "8110df5ad7abf5d4c0f6fb0f8f978390e77f9685",
      "rev_count": 971119,
      "rev_date": "2026-03-28T14:48:23Z",
      "scrape_date": "2026-03-30T05:16:14.798186Z",
      "stabilities": [
        "unstable"
      ],
      "unfree": false,
      "version": "3.0.5",
      "outputs_to_install": [
        "out"
      ],
      "outputs": {
        "out": "/nix/store/5fs3r1s68y53pmi53hizak5ik9pkvgxc-cosign-3.0.5"
      },
      "system": "x86_64-linux",
      "group": "toplevel",
      "priority": 5
    },
    {
      "attr_path": "go-task",
      "broken": false,
      "derivation": "/nix/store/d75iigh6jr411wnb6gk1dqwy6ybv4a07-go-task-3.48.0.drv",
      "description": "Task runner / simpler Make alternative written in Go",
      "install_id": "go-task",
      "license": "MIT",
      "locked_url": "https://github.com/flox/nixpkgs?rev=8110df5ad7abf5d4c0f6fb0f8f978390e77f9685",
      "name": "go-task-3.48.0",
      "pname": "go-task",
      "rev": "8110df5ad7abf5d4c0f6fb0f8f978390e77f9685",
      "rev_count": 971119,
      "rev_date": "2026-03-28T14:48:23Z",
      "scrape_date": "2026-03-30T03:37:20.945260Z",
      "stabilities": [
        "unstable"
      ],
      "unfree": false,
      "version": "3.48.0",
      "outputs_to_install": [
        "out"
      ],
      "outputs": {
        "out": "/nix/store/sab4xhgi6cs6rnxsx33dxqg2zcir52rm-go-task-3.48.0"
      },
      "system": "aarch64-darwin",
      "group": "toplevel",
      "priority": 5
    },
    {
      "attr_path": "go-task",
      "broken": false,
      "derivation": "/nix/store/4yafn203k3iq871ahgmlk39lyb976lvr-go-task-3.48.0.drv",
      "description": "Task runner / simpler Make alternative written in Go",
      "install_id": "go-task",
      "license": "MIT",
      "locked_url": "https://github.com/flox/nixpkgs?rev=8110df5ad7abf5d4c0f6fb0f8f978390e77f9685",
      "name": "go-task-3.48.0",
      "pname": "go-task",
      "rev": "8110df5ad7abf5d4c0f6fb0f8f978390e77f9685",
      "rev_count": 971119,
      "rev_date": "2026-03-28T14:48:23Z",
      "scrape_date": "2026-03-30T04:09:56.343412Z",
      "stabilities": [
        "unstable"
      ],
      "unfree": false,
      "version": "3.48.0",
      "outputs_to_install": [
        "out"
      ],
      "outputs": {
        "out": "/nix/store/cidnjfhcp1qyxjih6qaa61hfyxy5k5ap-go-task-3.48.0"
      },
      "system": "aarch64-linux",
      "group": "toplevel",
      "priority": 5
    },
    {
      "attr_path": "go-task",
      "broken": false,
      "derivation": "/nix/store/f2xbx67ryzzcxd851bwnc5jcgxb4a032-go-task-3.48.0.drv",
      "description": "Task runner / simpler Make alternative written in Go",
      "install_id": "go-task",
      "license": "MIT",
      "locked_url": "https://github.com/flox/nixpkgs?rev=8110df5ad7abf5d4c0f6fb0f8f978390e77f9685",
      "name": "go-task-3.48.0",
      "pname": "go-task",
      "rev": "8110df5ad7abf5d4c0f6fb0f8f978390e77f9685",
      "rev_count": 971119,
      "rev_date": "2026-03-28T14:48:23Z",
      "scrape_date": "2026-03-30T05:16:16.926209Z",
      "stabilities": [
        "unstable"
      ],
      "unfree": false,
      "version": "3.48.0",
      "outputs_to_install": [
        "out"
      ],
      "outputs": {
        "out": "/nix/store/qxs1p264gzz3nficzss2nsp7fs5cdi31-go-task-3.48.0"
      },
      "system": "x86_64-linux",
      "group": "toplevel",
      "priority": 5
    },
    {
      "attr_path": "jq",
      "broken": false,
      "derivation": "/nix/store/y1glsdj47nwma5cg6gkwxaidlcqdvmv1-jq-1.8.1.drv",
      "description": "Lightweight and flexible command-line JSON processor",
      "install_id": "jq",
      "license": "MIT",
      "locked_url": "https://github.com/flox/nixpkgs?rev=8110df5ad7abf5d4c0f6fb0f8f978390e77f9685",
      "name": "jq-1.8.1",
      "pname": "jq",
      "rev": "8110df5ad7abf5d4c0f6fb0f8f978390e77f9685",
      "rev_count": 971119,
      "rev_date": "2026-03-28T14:48:23Z",
      "scrape_date": "2026-03-30T03:37:36.066859Z",
      "stabilities": [
        "unstable"
      ],
      "unfree": false,
      "version": "1.8.1",
      "outputs_to_install": [
        "bin",
        "bin",
        "man",
        "man"
      ],
      "outputs": {
        "bin": "/nix/store/bb450vb2gl547zwba8sihcyilsg2rqfa-jq-1.8.1-bin",
        "dev": "/nix/store/irxgyhi0rq34f2y721a26ii09nynq2ha-jq-1.8.1-dev",
        "doc": "/nix/store/rnkk37licxmcicz44sm368bk2fsrk52j-jq-1.8.1-doc",
        "man": "/nix/store/vs96fwfhd5gjycxs5yc58wkrizscww92-jq-1.8.1-man",
        "out": "/nix/store/y4gq3lbz2nq75cl3v28ixrqrr90pk4lf-jq-1.8.1"
      },
      "system": "aarch64-darwin",
      "group": "toplevel",
      "priority": 5
    },
    {
      "attr_path": "jq",
      "broken": false,
      "derivation": "/nix/store/r7xkf6ii1frn2kcdwb48mbwbvikldhmy-jq-1.8.1.drv",
      "description": "Lightweight and flexible command-line JSON processor",
      "install_id": "jq",
      "license": "MIT",
      "locked_url": "https://github.com/flox/nixpkgs?rev=8110df5ad7abf5d4c0f6fb0f8f978390e77f9685",
      "name": "jq-1.8.1",
      "pname": "jq",
      "rev": "8110df5ad7abf5d4c0f6fb0f8f978390e77f9685",
      "rev_count": 971119,
      "rev_date": "2026-03-28T14:48:23Z",
      "scrape_date": "2026-03-30T04:10:16.311747Z",
      "stabilities": [
        "unstable"
      ],
      "unfree": false,
      "version": "1.8.1",
      "outputs_to_install": [
        "bin",
        "bin",
        "man"
      ],
      "outputs": {
        "bin": "/nix/store/h68aklwk28xbrg7pqaw078w1hvvvf419-jq-1.8.1-bin",
        "dev": "/nix/store/kzsszlf69lndqilpgysw1j9b4hrfwjfx-jq-1.8.1-dev",
        "doc": "/nix/store/rr0a4brsd47393640zn9zgw844rbkrsl-jq-1.8.1-doc",
        "man": "/nix/store/l4npc0sgk51lz2d6jqnl4r18hmn6qckr-jq-1.8.1-man",
        "out": "/nix/store/5jf55qkwrnd769ri9wxiy7z9kp5zb4ca-jq-1.8.1"
      },
      "system": "aarch64-linux",
      "group": "toplevel",
      "priority": 5
    },
    {
      "attr_path": "jq",
      "broken": false,
      "derivation": "/nix/store/0vb08cn5pf24mzjbibpc7n37g62lacfj-jq-1.8.1.drv",
      "description": "Lightweight and flexible command-line JSON processor",
      "install_id": "jq",
      "license": "MIT",
      "locked_url": "https://github.com/flox/nixpkgs?rev=8110df5ad7abf5d4c0f6fb0f8f978390e77f9685",
      "name": "jq-1.8.1",
      "pname": "jq",
      "rev": "8110df5ad7abf5d4c0f6fb0f8f978390e77f9685",
      "rev_count": 971119,
      "rev_date": "2026-03-28T14:48:23Z",
      "scrape_date": "2026-03-30T05:16:37.244489Z",
      "stabilities": [
        "unstable"
      ],
      "unfree": false,
      "version": "1.8.1",
      "outputs_to_install": [
        "bin",
        "bin",
        "man"
      ],
      "outputs": {
        "bin": "/nix/store/fc13hvlj7541i1xmwdka7f61qicdzr5a-jq-1.8.1-bin",
        "dev": "/nix/store/plinh1rzkh83n4gfpkxl748zgaydpxll-jq-1.8.1-dev",
        "doc": "/nix/store/ihgrvb9w91mwbhxx3fi3gcwwx3qlsdfv-jq-1.8.1-doc",
        "man": "/nix/store/crwv17pim6csnfr4jmsd7kf60sp3c5dh-jq-1.8.1-man",
        "out": "/nix/store/s4w1j16dj8wyriv1ljfypr9s1r39yjwp-jq-1.8.1"
      },
      "system": "x86_64-linux",
      "group": "toplevel",
      "priority": 5
    },
    {
      "attr_path": "oras",
      "broken": false,
      "derivation": "/nix/store/yayhw5abfr4gm0h5p97f49izxq200f8n-oras-1.3.0.drv",
      "description": "Distribute artifacts across OCI registries with ease",
      "install_id": "oras",
      "license": "Apache-2.0",
      "locked_url": "https://github.com/flox/nixpkgs?rev=8110df5ad7abf5d4c0f6fb0f8f978390e77f9685",
      "name": "oras-1.3.0",
      "pname": "oras",
      "rev": "8110df5ad7abf5d4c0f6fb0f8f978390e77f9685",
      "rev_count": 971119,
      "rev_date": "2026-03-28T14:48:23Z",
      "scrape_date": "2026-03-30T03:37:49.330274Z",
      "stabilities": [
        "unstable"
      ],
      "unfree": false,
      "version": "1.3.0",
      "outputs_to_install": [
        "out"
      ],
      "outputs": {
        "out": "/nix/store/lyyv71fvbim4aa48cwcj040xr1rnasxc-oras-1.3.0"
      },
      "system": "aarch64-darwin",
      "group": "toplevel",
      "priority": 5
    },
    {
      "attr_path": "oras",
      "broken": false,
      "derivation": "/nix/store/m5rc0q07jwa0ca5bimr4sk0hv2ji3sr7-oras-1.3.0.drv",
      "description": "Distribute artifacts across OCI registries with ease",
      "install_id": "oras",
      "license": "Apache-2.0",
      "locked_url": "https://github.com/flox/nixpkgs?rev=8110df5ad7abf5d4c0f6fb0f8f978390e77f9685",
      "name": "oras-1.3.0",
      "pname": "oras",
      "rev": "8110df5ad7abf5d4c0f6fb0f8f978390e77f9685",
      "rev_count": 971119,
      "rev_date": "2026-03-28T14:48:23Z",
      "scrape_date": "2026-03-30T04:10:40.379385Z",
      "stabilities": [
        "unstable"
      ],
      "unfree": false,
      "version": "1.3.0",
      "outputs_to_install": [
        "out"
      ],
      "outputs": {
        "out": "/nix/store/9gmijphg4hzm023k0klx7w4yz54f349q-oras-1.3.0"
      },
      "system": "aarch64-linux",
      "group": "toplevel",
      "priority": 5
    },
    {
      "attr_path": "oras",
      "broken": false,
      "derivation": "/nix/store/zh6092hkzjmchvvj6kj643l3chynphj7-oras-1.3.0.drv",
      "description": "Distribute artifacts across OCI registries with ease",
      "install_id": "oras",
      "license": "Apache-2.0",
      "locked_url": "https://github.com/flox/nixpkgs?rev=8110df5ad7abf5d4c0f6fb0f8f978390e77f9685",
      "name": "oras-1.3.0",
      "pname": "oras",
      "rev": "8110df5ad7abf5d4c0f6fb0f8f978390e77f9685",
      "rev_count": 971119,
      "rev_date": "2026-03-28T14:48:23Z",
      "scrape_date": "2026-03-30T05:17:03.741616Z",
      "stabilities": [
        "unstable"
      ],
      "unfree": false,
      "version": "1.3.0",
      "outputs_to_install": [
        "out"
      ],
      "outputs": {
        "out": "/nix/store/g95qqlpjrdxvh34hhcj09yj3r4x5ngns-oras-1.3.0"
      },
      "system": "x86_64-linux",
      "group": "toplevel",
      "priority": 5
    },
    {
      "install_id": "arconia-cli-flake",
      "locked-url": "github:thomasvitale/arconia-cli-flake/13c04419b8eb3cd09dd0b7563fb596c16d7c1886?narHash=sha256-aAvE1uctpjZ9inZhY/In9cSR1RKQUv4p7NHo%2BWYi86c%3D",
      "flake-description": "Arconia CLI",
      "locked-flake-attr-path": "packages.aarch64-darwin.default",
      "derivation": "/nix/store/6kr25vjyciiwysmzh5zhfl6sjday1nkw-arconia-0.12.2.drv",
      "outputs": {
        "out": "/nix/store/raydcbmkfxckljvzz9x35f3ln8a3sp0d-arconia-0.12.2"
      },
      "output-names": [
        "out"
      ],
      "outputs-to-install": [
        "out"
      ],
      "requested-outputs-to-install": [],
      "package-system": "aarch64-darwin",
      "system": "aarch64-darwin",
      "name": "arconia-0.12.2",
      "pname": "arconia",
      "version": "0.12.2",
      "broken": false,
      "unfree": false,
      "priority": 5
    },
    {
      "install_id": "arconia-cli-flake",
      "locked-url": "github:thomasvitale/arconia-cli-flake/13c04419b8eb3cd09dd0b7563fb596c16d7c1886?narHash=sha256-aAvE1uctpjZ9inZhY/In9cSR1RKQUv4p7NHo%2BWYi86c%3D",
      "flake-description": "Arconia CLI",
      "locked-flake-attr-path": "packages.aarch64-linux.default",
      "derivation": "/nix/store/ndfd6wlx3r0xpjj9bjmdmws4ngkpsi0j-arconia-0.12.2.drv",
      "outputs": {
        "out": "/nix/store/z04m5m71wxcpkzc9qcm9g6b4hb5s2dp9-arconia-0.12.2"
      },
      "output-names": [
        "out"
      ],
      "outputs-to-install": [
        "out"
      ],
      "requested-outputs-to-install": [],
      "package-system": "aarch64-linux",
      "system": "aarch64-linux",
      "name": "arconia-0.12.2",
      "pname": "arconia",
      "version": "0.12.2",
      "broken": false,
      "unfree": false,
      "priority": 5
    },
    {
      "install_id": "arconia-cli-flake",
      "locked-url": "github:thomasvitale/arconia-cli-flake/13c04419b8eb3cd09dd0b7563fb596c16d7c1886?narHash=sha256-aAvE1uctpjZ9inZhY/In9cSR1RKQUv4p7NHo%2BWYi86c%3D",
      "flake-description": "Arconia CLI",
      "locked-flake-attr-path": "packages.x86_64-linux.default",
      "derivation": "/nix/store/2is8j6zj5vlmdkrdbqgb4s99nddz9blw-arconia-0.12.2.drv",
      "outputs": {
        "out": "/nix/store/1jhyrjcg3wvd9nb29d14g25pqqmq7ma4-arconia-0.12.2"
      },
      "output-names": [
        "out"
      ],
      "outputs-to-install": [
        "out"
      ],
      "requested-outputs-to-install": [],
      "package-system": "x86_64-linux",
      "system": "x86_64-linux",
      "name": "arconia-0.12.2",
      "pname": "arconia",
      "version": "0.12.2",
      "broken": false,
      "unfree": false,
      "priority": 5
    }
  ]
}
